Microsoft Visual Studio Solution File, Format Version 11.00
# Visual Studio 2008

Project("{B2C2DF78-A8F2-48FE-E4CC-7447134E741A}") = "Roguelike2", "Assembly-CSharp-firstpass-vs.csproj", "{10C06686-CBF8-7898-5968-B6AE9F0E5F89}"
EndProject
Project("{B2C2DF78-A8F2-48FE-E4CC-7447134E741A}") = "Roguelike2", "Assembly-CSharp-vs.csproj", "{E4E0BF6C-3948-6D67-E926-EDD413DEF2BC}"
EndProject
Project("{B2C2DF78-A8F2-48FE-E4CC-7447134E741A}") = "Roguelike2", "Assembly-CSharp-Editor-vs.csproj", "{C67C36F0-A73F-56A5-E8A7-8A434E34CFED}"
EndProject
Global
	GlobalSection(SolutionConfigurationPlatforms) = preSolution
		Debug|Any CPU = Debug|Any CPU
		Release|Any CPU = Release|Any CPU
	EndGlobalSection
	GlobalSection(ProjectConfigurationPlatforms) = postSolution
		{10C06686-CBF8-7898-5968-B6AE9F0E5F89}.Debug|Any CPU.ActiveCfg = Debug|Any CPU
		{10C06686-CBF8-7898-5968-B6AE9F0E5F89}.Debug|Any CPU.Build.0 = Debug|Any CPU
		{10C06686-CBF8-7898-5968-B6AE9F0E5F89}.Release|Any CPU.ActiveCfg = Release|Any CPU
		{10C06686-CBF8-7898-5968-B6AE9F0E5F89}.Release|Any CPU.Build.0 = Release|Any CPU
		{E4E0BF6C-3948-6D67-E926-EDD413DEF2BC}.Debug|Any CPU.ActiveCfg = Debug|Any CPU
		{E4E0BF6C-3948-6D67-E926-EDD413DEF2BC}.Debug|Any CPU.Build.0 = Debug|Any CPU
		{E4E0BF6C-3948-6D67-E926-EDD413DEF2BC}.Release|Any CPU.ActiveCfg = Release|Any CPU
		{E4E0BF6C-3948-6D67-E926-EDD413DEF2BC}.Release|Any CPU.Build.0 = Release|Any CPU
		{C67C36F0-A73F-56A5-E8A7-8A434E34CFED}.Debug|Any CPU.ActiveCfg = Debug|Any CPU
		{C67C36F0-A73F-56A5-E8A7-8A434E34CFED}.Debug|Any CPU.Build.0 = Debug|Any CPU
		{C67C36F0-A73F-56A5-E8A7-8A434E34CFED}.Release|Any CPU.ActiveCfg = Release|Any CPU
		{C67C36F0-A73F-56A5-E8A7-8A434E34CFED}.Release|Any CPU.Build.0 = Release|Any CPU
	EndGlobalSection
	GlobalSection(SolutionProperties) = preSolution
		HideSolutionNode = FALSE
	EndGlobalSection
																																														GlobalSection(MonoDevelopProperties) = preSolution
		StartupItem = Assembly-CSharp.csproj
		Policies = $0
		$0.TextStylePolicy = $1
		$1.inheritsSet = null
		$1.scope = text/x-csharp
		$0.CSharpFormattingPolicy = $2
		$2.inheritsSet = Mono
		$2.inheritsScope = text/x-csharp
		$2.scope = text/x-csharp
		$0.TextStylePolicy = $3
		$3.FileWidth = 120
		$3.TabWidth = 4
		$3.EolMarker = Unix
		$3.inheritsSet = Mono
		$3.inheritsScope = text/plain
		$3.scope = text/plain
	EndGlobalSection

EndGlobal
